// !$*UTF8*$!
{
	archiveVersion = 1;
	classes = {
	};
	objectVersion = 51;
	objects = {

/* Begin PBXBuildFile section */
		01F9547575D2FD7A246F6E78 /* Pods_AirPortSearch.framework in Frameworks */ = {isa = PBXBuildFile; fileRef = 24F9BC026593F4B1449DDEEC /* Pods_AirPortSearch.framework */; };
		48CF76B724EC00CC00B23D86 /* AppDelegate.swift in Sources */ = {isa = PBXBuildFile; fileRef = 48CF76B624EC00CC00B23D86 /* AppDelegate.swift */; };
		48CF76B924EC00CC00B23D86 /* SceneDelegate.swift in Sources */ = {isa = PBXBuildFile; fileRef = 48CF76B824EC00CC00B23D86 /* SceneDelegate.swift */; };
		48CF76BB24EC00CC00B23D86 /* SearchCityViewController.swift in Sources */ = {isa = PBXBuildFile; fileRef = 48CF76BA24EC00CC00B23D86 /* SearchCityViewController.swift */; };
		48CF76BE24EC00CC00B23D86 /* Main.storyboard in Resources */ = {isa = PBXBuildFile; fileRef = 48CF76BC24EC00CC00B23D86 /* Main.storyboard */; };
		48CF76C024EC00CD00B23D86 /* Assets.xcassets in Resources */ = {isa = PBXBuildFile; fileRef = 48CF76BF24EC00CD00B23D86 /* Assets.xcassets */; };
		48CF76C324EC00CD00B23D86 /* LaunchScreen.storyboard in Resources */ = {isa = PBXBuildFile; fileRef = 48CF76C124EC00CD00B23D86 /* LaunchScreen.storyboard */; };
		48CF76CD24EC040400B23D86 /* SearchCityViewModel.swift in Sources */ = {isa = PBXBuildFile; fileRef = 48CF76CC24EC040400B23D86 /* SearchCityViewModel.swift */; };
		48CF76D024EC122D00B23D86 /* SearchCityCoordinator.swift in Sources */ = {isa = PBXBuildFile; fileRef = 48CF76CF24EC122D00B23D86 /* SearchCityCoordinator.swift */; };
		48CF76D224EC126900B23D86 /* Coordinator.swift in Sources */ = {isa = PBXBuildFile; fileRef = 48CF76D124EC126900B23D86 /* Coordinator.swift */; };
		48CF76D424EC152000B23D86 /* BaseCoordinator.swift in Sources */ = {isa = PBXBuildFile; fileRef = 48CF76D324EC152000B23D86 /* BaseCoordinator.swift */; };
		48CF76D724EC1F5200B23D86 /* Storyboardable.swift in Sources */ = {isa = PBXBuildFile; fileRef = 48CF76D624EC1F5200B23D86 /* Storyboardable.swift */; };
		48CF76D924EC241B00B23D86 /* AppCoordinator.swift in Sources */ = {isa = PBXBuildFile; fileRef = 48CF76D824EC241B00B23D86 /* AppCoordinator.swift */; };
/* End PBXBuildFile section */

/* Begin PBXFileReference section */
		24F9BC026593F4B1449DDEEC /* Pods_AirPortSearch.framework */ = {isa = PBXFileReference; explicitFileType = wrapper.framework; includeInIndex = 0; path = Pods_AirPortSearch.framework; sourceTree = BUILT_PRODUCTS_DIR; };
		48CF76B324EC00CC00B23D86 /* AirPortSearch.app */ = {isa = PBXFileReference; explicitFileType = wrapper.application; includeInIndex = 0; path = AirPortSearch.app; sourceTree = BUILT_PRODUCTS_DIR; };
		48CF76B624EC00CC00B23D86 /* AppDelegate.swift */ = {isa = PBXFileReference; lastKnownFileType = sourcecode.swift; path = AppDelegate.swift; sourceTree = "<group>"; };
		48CF76B824EC00CC00B23D86 /* SceneDelegate.swift */ = {isa = PBXFileReference; lastKnownFileType = sourcecode.swift; path = SceneDelegate.swift; sourceTree = "<group>"; };
		48CF76BA24EC00CC00B23D86 /* SearchCityViewController.swift */ = {isa = PBXFileReference; lastKnownFileType = sourcecode.swift; path = SearchCityViewController.swift; sourceTree = "<group>"; };
		48CF76BD24EC00CC00B23D86 /* Base */ = {isa = PBXFileReference; lastKnownFileType = file.storyboard; name = Base; path = Base.lproj/Main.storyboard; sourceTree = "<group>"; };
		48CF76BF24EC00CD00B23D86 /* Assets.xcassets */ = {isa = PBXFileReference; lastKnownFileType = folder.assetcatalog; path = Assets.xcassets; sourceTree = "<group>"; };
		48CF76C224EC00CD00B23D86 /* Base */ = {isa = PBXFileReference; lastKnownFileType = file.storyboard; name = Base; path = Base.lproj/LaunchScreen.storyboard; sourceTree = "<group>"; };
		48CF76C424EC00CD00B23D86 /* Info.plist */ = {isa = PBXFileReference; lastKnownFileType = text.plist.xml; path = Info.plist; sourceTree = "<group>"; };
		48CF76CC24EC040400B23D86 /* SearchCityViewModel.swift */ = {isa = PBXFileReference; lastKnownFileType = sourcecode.swift; path = SearchCityViewModel.swift; sourceTree = "<group>"; };
		48CF76CF24EC122D00B23D86 /* SearchCityCoordinator.swift */ = {isa = PBXFileReference; lastKnownFileType = sourcecode.swift; path = SearchCityCoordinator.swift; sourceTree = "<group>"; };
		48CF76D124EC126900B23D86 /* Coordinator.swift */ = {isa = PBXFileReference; lastKnownFileType = sourcecode.swift; path = Coordinator.swift; sourceTree = "<group>"; };
		48CF76D324EC152000B23D86 /* BaseCoordinator.swift */ = {isa = PBXFileReference; lastKnownFileType = sourcecode.swift; path = BaseCoordinator.swift; sourceTree = "<group>"; };
		48CF76D624EC1F5200B23D86 /* Storyboardable.swift */ = {isa = PBXFileReference; lastKnownFileType = sourcecode.swift; path = Storyboardable.swift; sourceTree = "<group>"; };
		48CF76D824EC241B00B23D86 /* AppCoordinator.swift */ = {isa = PBXFileReference; lastKnownFileType = sourcecode.swift; path = AppCoordinator.swift; sourceTree = "<group>"; };
		499CA020D9ACCCE134E26B26 /* Pods-AirPortSearch.release.xcconfig */ = {isa = PBXFileReference; includeInIndex = 1; lastKnownFileType = text.xcconfig; name = "Pods-AirPortSearch.release.xcconfig"; path = "Target Support Files/Pods-AirPortSearch/Pods-AirPortSearch.release.xcconfig"; sourceTree = "<group>"; };
		5C7621EF4ACEC7951DF8C07A /* Pods-AirPortSearch.debug.xcconfig */ = {isa = PBXFileReference; includeInIndex = 1; lastKnownFileType = text.xcconfig; name = "Pods-AirPortSearch.debug.xcconfig"; path = "Target Support Files/Pods-AirPortSearch/Pods-AirPortSearch.debug.xcconfig"; sourceTree = "<group>"; };
/* End PBXFileReference section */

/* Begin PBXFrameworksBuildPhase section */
		48CF76B024EC00CC00B23D86 /* Frameworks */ = {
			isa = PBXFrameworksBuildPhase;
			buildActionMask = 2147483647;
			files = (
				01F9547575D2FD7A246F6E78 /* Pods_AirPortSearch.framework in Frameworks */,
			);
			runOnlyForDeploymentPostprocessing = 0;
		};
/* End PBXFrameworksBuildPhase section */

/* Begin PBXGroup section */
		48CF76AA24EC00CC00B23D86 = {
			isa = PBXGroup;
			children = (
				48CF76B524EC00CC00B23D86 /* AirPortSearch */,
				48CF76B424EC00CC00B23D86 /* Products */,
				DB9105F686786002790FD7DF /* Pods */,
				FC659400F4FDEAFF60841833 /* Frameworks */,
			);
			sourceTree = "<group>";
		};
		48CF76B424EC00CC00B23D86 /* Products */ = {
			isa = PBXGroup;
			children = (
				48CF76B324EC00CC00B23D86 /* AirPortSearch.app */,
			);
			name = Products;
			sourceTree = "<group>";
		};
		48CF76B524EC00CC00B23D86 /* AirPortSearch */ = {
			isa = PBXGroup;
			children = (
				48CF76D524EC1F4200B23D86 /* Shared */,
				48CF76CE24EC120900B23D86 /* Coordinator */,
				48CF76CB24EC038E00B23D86 /* ViewModel */,
				48CF76CA24EC038000B23D86 /* View */,
				48CF76B624EC00CC00B23D86 /* AppDelegate.swift */,
				48CF76B824EC00CC00B23D86 /* SceneDelegate.swift */,
				48CF76BC24EC00CC00B23D86 /* Main.storyboard */,
				48CF76BF24EC00CD00B23D86 /* Assets.xcassets */,
				48CF76C124EC00CD00B23D86 /* LaunchScreen.storyboard */,
				48CF76C424EC00CD00B23D86 /* Info.plist */,
			);
			path = AirPortSearch;
			sourceTree = "<group>";
		};
		48CF76CA24EC038000B23D86 /* View */ = {
			isa = PBXGroup;
			children = (
				48CF76BA24EC00CC00B23D86 /* SearchCityViewController.swift */,
			);
			path = View;
			sourceTree = "<group>";
		};
		48CF76CB24EC038E00B23D86 /* ViewModel */ = {
			isa = PBXGroup;
			children = (
				48CF76CC24EC040400B23D86 /* SearchCityViewModel.swift */,
			);
			path = ViewModel;
			sourceTree = "<group>";
		};
		48CF76CE24EC120900B23D86 /* Coordinator */ = {
			isa = PBXGroup;
			children = (
				48CF76CF24EC122D00B23D86 /* SearchCityCoordinator.swift */,
				48CF76D124EC126900B23D86 /* Coordinator.swift */,
				48CF76D324EC152000B23D86 /* BaseCoordinator.swift */,
				48CF76D824EC241B00B23D86 /* AppCoordinator.swift */,
			);
			path = Coordinator;
			sourceTree = "<group>";
		};
		48CF76D524EC1F4200B23D86 /* Shared */ = {
			isa = PBXGroup;
			children = (
				48CF76D624EC1F5200B23D86 /* Storyboardable.swift */,
			);
			path = Shared;
			sourceTree = "<group>";
		};
		DB9105F686786002790FD7DF /* Pods */ = {
			isa = PBXGroup;
			children = (
				5C7621EF4ACEC7951DF8C07A /* Pods-AirPortSearch.debug.xcconfig */,
				499CA020D9ACCCE134E26B26 /* Pods-AirPortSearch.release.xcconfig */,
			);
			path = Pods;
			sourceTree = "<group>";
		};
		FC659400F4FDEAFF60841833 /* Frameworks */ = {
			isa = PBXGroup;
			children = (
				24F9BC026593F4B1449DDEEC /* Pods_AirPortSearch.framework */,
			);
			name = Frameworks;
			sourceTree = "<group>";
		};
/* End PBXGroup section */

/* Begin PBXNativeTarget section */
		48CF76B224EC00CC00B23D86 /* AirPortSearch */ = {
			isa = PBXNativeTarget;
			buildConfigurationList = 48CF76C724EC00CD00B23D86 /* Build configuration list for PBXNativeTarget "AirPortSearch" */;
			buildPhases = (
				8D68B1E75F1CFA52A7AEC95D /* [CP] Check Pods Manifest.lock */,
				48CF76AF24EC00CC00B23D86 /* Sources */,
				48CF76B024EC00CC00B23D86 /* Frameworks */,
				48CF76B124EC00CC00B23D86 /* Resources */,
				25B393CC74A0471DE8DCCC64 /* [CP] Embed Pods Frameworks */,
			);
			buildRules = (
			);
			dependencies = (
			);
			name = AirPortSearch;
			productName = AirPortSearch;
			productReference = 48CF76B324EC00CC00B23D86 /* AirPortSearch.app */;
			productType = "com.apple.product-type.application";
		};
/* End PBXNativeTarget section */

/* Begin PBXProject section */
		48CF76AB24EC00CC00B23D86 /* Project object */ = {
			isa = PBXProject;
			attributes = {
				LastSwiftUpdateCheck = 1150;
				LastUpgradeCheck = 1150;
				ORGANIZATIONNAME = kipCalm;
				TargetAttributes = {
					48CF76B224EC00CC00B23D86 = {
						CreatedOnToolsVersion = 11.5;
					};
				};
			};
			buildConfigurationList = 48CF76AE24EC00CC00B23D86 /* Build configuration list for PBXProject "AirPortSearch" */;
			compatibilityVersion = "Xcode 9.3";
			developmentRegion = en;
			hasScannedForEncodings = 0;
			knownRegions = (
				en,
				Base,
			);
			mainGroup = 48CF76AA24EC00CC00B23D86;
			productRefGroup = 48CF76B424EC00CC00B23D86 /* Products */;
			projectDirPath = "";
			projectRoot = "";
			targets = (
				48CF76B224EC00CC00B23D86 /* AirPortSearch */,
			);
		};
/* End PBXProject section */

/* Begin PBXResourcesBuildPhase section */
		48CF76B124EC00CC00B23D86 /* Resources */ = {
			isa = PBXResourcesBuildPhase;
			buildActionMask = 2147483647;
			files = (
				48CF76C324EC00CD00B23D86 /* LaunchScreen.storyboard in Resources */,
				48CF76C024EC00CD00B23D86 /* Assets.xcassets in Resources */,
				48CF76BE24EC00CC00B23D86 /* Main.storyboard in Resources */,
			);
			runOnlyForDeploymentPostprocessing = 0;
		};
/* End PBXResourcesBuildPhase section */

/* Begin PBXShellScriptBuildPhase section */
		25B393CC74A0471DE8DCCC64 /* [CP] Embed Pods Frameworks */ = {
			isa = PBXShellScriptBuildPhase;
			buildActionMask = 2147483647;
			files = (
			);
			inputFileListPaths = (
				"${PODS_ROOT}/Target Support Files/Pods-AirPortSearch/Pods-AirPortSearch-frameworks-${CONFIGURATION}-input-files.xcfilelist",
			);
			name = "[CP] Embed Pods Frameworks";
			outputFileListPaths = (
				"${PODS_ROOT}/Target Support Files/Pods-AirPortSearch/Pods-AirPortSearch-frameworks-${CONFIGURATION}-output-files.xcfilelist",
			);
			runOnlyForDeploymentPostprocessing = 0;
			shellPath = /bin/sh;
			shellScript = "\"${PODS_ROOT}/Target Support Files/Pods-AirPortSearch/Pods-AirPortSearch-frameworks.sh\"\n";
			showEnvVarsInLog = 0;
		};
		8D68B1E75F1CFA52A7AEC95D /* [CP] Check Pods Manifest.lock */ = {
			isa = PBXShellScriptBuildPhase;
			buildActionMask = 2147483647;
			files = (
			);
			inputFileListPaths = (
			);
			inputPaths = (
				"${PODS_PODFILE_DIR_PATH}/Podfile.lock",
				"${PODS_ROOT}/Manifest.lock",
			);
			name = "[CP] Check Pods Manifest.lock";
			outputFileListPaths = (
			);
			outputPaths = (
				"$(DERIVED_FILE_DIR)/Pods-AirPortSearch-checkManifestLockResult.txt",
			);
			runOnlyForDeploymentPostprocessing = 0;
			shellPath = /bin/sh;
			shellScript = "diff \"${PODS_PODFILE_DIR_PATH}/Podfile.lock\" \"${PODS_ROOT}/Manifest.lock\" > /dev/null\nif [ $? != 0 ] ; then\n    # print error to STDERR\n    echo \"error: The sandbox is not in sync with the Podfile.lock. Run 'pod install' or update your CocoaPods installation.\" >&2\n    exit 1\nfi\n# This output is used by Xcode 'outputs' to avoid re-running this script phase.\necho \"SUCCESS\" > \"${SCRIPT_OUTPUT_FILE_0}\"\n";
			showEnvVarsInLog = 0;
		};
/* End PBXShellScriptBuildPhase section */

/* Begin PBXSourcesBuildPhase section */
		48CF76AF24EC00CC00B23D86 /* Sources */ = {
			isa = PBXSourcesBuildPhase;
			buildActionMask = 2147483647;
			files = (
				48CF76BB24EC00CC00B23D86 /* SearchCityViewController.swift in Sources */,
				48CF76B724EC00CC00B23D86 /* AppDelegate.swift in Sources */,
				48CF76D224EC126900B23D86 /* Coordinator.swift in Sources */,
				48CF76D024EC122D00B23D86 /* SearchCityCoordinator.swift in Sources */,
				48CF76D724EC1F5200B23D86 /* Storyboardable.swift in Sources */,
				48CF76D424EC152000B23D86 /* BaseCoordinator.swift in Sources */,
				48CF76D924EC241B00B23D86 /* AppCoordinator.swift in Sources */,
				48CF76B924EC00CC00B23D86 /* SceneDelegate.swift in Sources */,
				48CF76CD24EC040400B23D86 /* SearchCityViewModel.swift in Sources */,
			);
			runOnlyForDeploymentPostprocessing = 0;
		};
/* End PBXSourcesBuildPhase section */

/* Begin PBXVariantGroup section */
		48CF76BC24EC00CC00B23D86 /* Main.storyboard */ = {
			isa = PBXVariantGroup;
			children = (
				48CF76BD24EC00CC00B23D86 /* Base */,
			);
			name = Main.storyboard;
			sourceTree = "<group>";
		};
		48CF76C124EC00CD00B23D86 /* LaunchScreen.storyboard */ = {
			isa = PBXVariantGroup;
			children = (
				48CF76C224EC00CD00B23D86 /* Base */,
			);
			name = LaunchScreen.storyboard;
			sourceTree = "<group>";
		};
/* End PBXVariantGroup section */

/* Begin XCBuildConfiguration section */
		48CF76C524EC00CD00B23D86 /* Debug */ = {
			isa = XCBuildConfiguration;
			buildSettings = {
				ALWAYS_SEARCH_USER_PATHS = NO;
				CLANG_ANALYZER_NONNULL = YES;
				CLANG_ANALYZER_NUMBER_OBJECT_CONVERSION = YES_AGGRESSIVE;
				CLANG_CXX_LANGUAGE_STANDARD = "gnu++14";
				CLANG_CXX_LIBRARY = "libc++";
				CLANG_ENABLE_MODULES = YES;
				CLANG_ENABLE_OBJC_ARC = YES;
				CLANG_ENABLE_OBJC_WEAK = YES;
				CLANG_WARN_BLOCK_CAPTURE_AUTORELEASING = YES;
				CLANG_WARN_BOOL_CONVERSION = YES;
				CLANG_WARN_COMMA = YES;
				CLANG_WARN_CONSTANT_CONVERSION = YES;
				CLANG_WARN_DEPRECATED_OBJC_IMPLEMENTATIONS = YES;
				CLANG_WARN_DIRECT_OBJC_ISA_USAGE = YES_ERROR;
				CLANG_WARN_DOCUMENTATION_COMMENTS = YES;
				CLANG_WARN_EMPTY_BODY = YES;
				CLANG_WARN_ENUM_CONVERSION = YES;
				CLANG_WARN_INFINITE_RECURSION = YES;
				CLANG_WARN_INT_CONVERSION = YES;
				CLANG_WARN_NON_LITERAL_NULL_CONVERSION = YES;
				CLANG_WARN_OBJC_IMPLICIT_RETAIN_SELF = YES;
				CLANG_WARN_OBJC_LITERAL_CONVERSION = YES;
				CLANG_WARN_OBJC_ROOT_CLASS = YES_ERROR;
				CLANG_WARN_RANGE_LOOP_ANALYSIS = YES;
				CLANG_WARN_STRICT_PROTOTYPES = YES;
				CLANG_WARN_SUSPICIOUS_MOVE = YES;
				CLANG_WARN_UNGUARDED_AVAILABILITY = YES_AGGRESSIVE;
				CLANG_WARN_UNREACHABLE_CODE = YES;
				CLANG_WARN__DUPLICATE_METHOD_MATCH = YES;
				COPY_PHASE_STRIP = NO;
				DEBUG_INFORMATION_FORMAT = dwarf;
				ENABLE_STRICT_OBJC_MSGSEND = YES;
				ENABLE_TESTABILITY = YES;
				GCC_C_LANGUAGE_STANDARD = gnu11;
				GCC_DYNAMIC_NO_PIC = NO;
				GCC_NO_COMMON_BLOCKS = YES;
				GCC_OPTIMIZATION_LEVEL = 0;
				GCC_PREPROCESSOR_DEFINITIONS = (
					"DEBUG=1",
					"$(inherited)",
				);
				GCC_WARN_64_TO_32_BIT_CONVERSION = YES;
				GCC_WARN_ABOUT_RETURN_TYPE = YES_ERROR;
				GCC_WARN_UNDECLARED_SELECTOR = YES;
				GCC_WARN_UNINITIALIZED_AUTOS = YES_AGGRESSIVE;
				GCC_WARN_UNUSED_FUNCTION = YES;
				GCC_WARN_UNUSED_VARIABLE = YES;
				IPHONEOS_DEPLOYMENT_TARGET = 13.5;
				MTL_ENABLE_DEBUG_INFO = INCLUDE_SOURCE;
				MTL_FAST_MATH = YES;
				ONLY_ACTIVE_ARCH = YES;
				SDKROOT = iphoneos;
				SWIFT_ACTIVE_COMPILATION_CONDITIONS = DEBUG;
				SWIFT_OPTIMIZATION_LEVEL = "-Onone";
			};
			name = Debug;
		};
		48CF76C624EC00CD00B23D86 /* Release */ = {
			isa = XCBuildConfiguration;
			buildSettings = {
				ALWAYS_SEARCH_USER_PATHS = NO;
				CLANG_ANALYZER_NONNULL = YES;
				CLANG_ANALYZER_NUMBER_OBJECT_CONVERSION = YES_AGGRESSIVE;
				CLANG_CXX_LANGUAGE_STANDARD = "gnu++14";
				CLANG_CXX_LIBRARY = "libc++";
				CLANG_ENABLE_MODULES = YES;
				CLANG_ENABLE_OBJC_ARC = YES;
				CLANG_ENABLE_OBJC_WEAK = YES;
				CLANG_WARN_BLOCK_CAPTURE_AUTORELEASING = YES;
				CLANG_WARN_BOOL_CONVERSION = YES;
				CLANG_WARN_COMMA = YES;
				CLANG_WARN_CONSTANT_CONVERSION = YES;
				CLANG_WARN_DEPRECATED_OBJC_IMPLEMENTATIONS = YES;
				CLANG_WARN_DIRECT_OBJC_ISA_USAGE = YES_ERROR;
				CLANG_WARN_DOCUMENTATION_COMMENTS = YES;
				CLANG_WARN_EMPTY_BODY = YES;
				CLANG_WARN_ENUM_CONVERSION = YES;
				CLANG_WARN_INFINITE_RECURSION = YES;
				CLANG_WARN_INT_CONVERSION = YES;
				CLANG_WARN_NON_LITERAL_NULL_CONVERSION = YES;
				CLANG_WARN_OBJC_IMPLICIT_RETAIN_SELF = YES;
				CLANG_WARN_OBJC_LITERAL_CONVERSION = YES;
				CLANG_WARN_OBJC_ROOT_CLASS = YES_ERROR;
				CLANG_WARN_RANGE_LOOP_ANALYSIS = YES;
				CLANG_WARN_STRICT_PROTOTYPES = YES;
				CLANG_WARN_SUSPICIOUS_MOVE = YES;
				CLANG_WARN_UNGUARDED_AVAILABILITY = YES_AGGRESSIVE;
				CLANG_WARN_UNREACHABLE_CODE = YES;
				CLANG_WARN__DUPLICATE_METHOD_MATCH = YES;
				COPY_PHASE_STRIP = NO;
				DEBUG_INFORMATION_FORMAT = "dwarf-with-dsym";
				ENABLE_NS_ASSERTIONS = NO;
				ENABLE_STRICT_OBJC_MSGSEND = YES;
				GCC_C_LANGUAGE_STANDARD = gnu11;
				GCC_NO_COMMON_BLOCKS = YES;
				GCC_WARN_64_TO_32_BIT_CONVERSION = YES;
				GCC_WARN_ABOUT_RETURN_TYPE = YES_ERROR;
				GCC_WARN_UNDECLARED_SELECTOR = YES;
				GCC_WARN_UNINITIALIZED_AUTOS = YES_AGGRESSIVE;
				GCC_WARN_UNUSED_FUNCTION = YES;
				GCC_WARN_UNUSED_VARIABLE = YES;
				IPHONEOS_DEPLOYMENT_TARGET = 13.5;
				MTL_ENABLE_DEBUG_INFO = NO;
				MTL_FAST_MATH = YES;
				SDKROOT = iphoneos;
				SWIFT_COMPILATION_MODE = wholemodule;
				SWIFT_OPTIMIZATION_LEVEL = "-O";
				VALIDATE_PRODUCT = YES;
			};
			name = Release;
		};
		48CF76C824EC00CD00B23D86 /* Debug */ = {
			isa = XCBuildConfiguration;
			baseConfigurationReference = 5C7621EF4ACEC7951DF8C07A /* Pods-AirPortSearch.debug.xcconfig */;
			buildSettings = {
				ASSETCATALOG_COMPILER_APPICON_NAME = AppIcon;
				CODE_SIGN_STYLE = Automatic;
				INFOPLIST_FILE = AirPortSearch/Info.plist;
				LD_RUNPATH_SEARCH_PATHS = (
					"$(inherited)",
					"@executable_path/Frameworks",
				);
				PRODUCT_BUNDLE_IDENTIFIER = com.AirPortSearch;
				PRODUCT_NAME = "$(TARGET_NAME)";
				SWIFT_VERSION = 5.0;
				TARGETED_DEVICE_FAMILY = "1,2";
			};
			name = Debug;
		};
		48CF76C924EC00CD00B23D86 /* Release */ = {
			isa = XCBuildConfiguration;
			baseConfigurationReference = 499CA020D9ACCCE134E26B26 /* Pods-AirPortSearch.release.xcconfig */;
			buildSettings = {
				ASSETCATALOG_COMPILER_APPICON_NAME = AppIcon;
				CODE_SIGN_STYLE = Automatic;
				INFOPLIST_FILE = AirPortSearch/Info.plist;
				LD_RUNPATH_SEARCH_PATHS = (
					"$(inherited)",
					"@executable_path/Frameworks",
				);
				PRODUCT_BUNDLE_IDENTIFIER = com.AirPortSearch;
				PRODUCT_NAME = "$(TARGET_NAME)";
				SWIFT_VERSION = 5.0;
				TARGETED_DEVICE_FAMILY = "1,2";
			};
			name = Release;
		};
/* End XCBuildConfiguration section */

/* Begin XCConfigurationList section */
		48CF76AE24EC00CC00B23D86 /* Build configuration list for PBXProject "AirPortSearch" */ = {
			isa = XCConfigurationList;
			buildConfigurations = (
				48CF76C524EC00CD00B23D86 /* Debug */,
				48CF76C624EC00CD00B23D86 /* Release */,
			);
			defaultConfigurationIsVisible = 0;
			defaultConfigurationName = Release;
		};
		48CF76C724EC00CD00B23D86 /* Build configuration list for PBXNativeTarget "AirPortSearch" */ = {
			isa = XCConfigurationList;
			buildConfigurations = (
				48CF76C824EC00CD00B23D86 /* Debug */,
				48CF76C924EC00CD00B23D86 /* Release */,
			);
			defaultConfigurationIsVisible = 0;
			defaultConfigurationName = Release;
		};
/* End XCConfigurationList section */
	};
	rootObject = 48CF76AB24EC00CC00B23D86 /* Project object */;
}
